
Microsoft Visual Studio Solution File, Format Version 12.00
# Visual Studio Version 17
VisualStudioVersion = 17.9.34728.123
MinimumVisualStudioVersion = 10.0.40219.1
Project("{FAE04EC0-301F-11D3-BF4B-00C04F79EFBC}") = "WeatherApi", "WeatherApi\WeatherApi.csproj", "{D86904B5-235B-4CD8-A919-55FB902CB489}"
EndProject
Global
	GlobalSection(SolutionConfigurationPlatforms) = preSolution
		Debug|Any CPU = Debug|Any CPU
		Release|Any CPU = Release|Any CPU
	EndGlobalSection
	GlobalSection(ProjectConfigurationPlatforms) = postSolution
		{D86904B5-235B-4CD8-A919-55FB902CB489}.Debug|Any CPU.ActiveCfg = Debug|Any CPU
		{D86904B5-235B-4CD8-A919-55FB902CB489}.Debug|Any CPU.Build.0 = Debug|Any CPU
		{D86904B5-235B-4CD8-A919-55FB902CB489}.Release|Any CPU.ActiveCfg = Release|Any CPU
		{D86904B5-235B-4CD8-A919-55FB902CB489}.Release|Any CPU.Build.0 = Release|Any CPU
	EndGlobalSection
	GlobalSection(SolutionProperties) = preSolution
		HideSolutionNode = FALSE
	EndGlobalSection
	GlobalSection(ExtensibilityGlobals) = postSolution
		SolutionGuid = {B38D53E0-54FC-4642-AF06-9069AB2B8E1E}
	EndGlobalSection
EndGlobal
